{
  "projects": [
    {
      "projectId": "tgdPEKAb7CK8dgvRB6vUh3",
      "version": "latest",
      "dependencies": {},
      "lang": "ts",
      "fileLocks": [
        {
          "type": "globalVariant",
          "assetId": "d0hEfjBchb",
          "checksum": "61a7cff6c552b0286d4605deb0d10d7f"
        },
        {
          "type": "renderModule",
          "assetId": "HXmDXbThsl",
          "checksum": "2889f7d49c4e02c5a2da40698e7e3e17"
        },
        {
          "type": "cssRules",
          "assetId": "HXmDXbThsl",
          "checksum": "2889f7d49c4e02c5a2da40698e7e3e17"
        },
        {
          "assetId": "tgdPEKAb7CK8dgvRB6vUh3",
          "type": "projectCss",
          "checksum": "5cfdbd5fcab21d4346fbaab24a0ddbf0"
        },
        {
          "type": "icon",
          "assetId": "GeSQDtOjl0p",
          "checksum": "5cd65868d5da72ad113cb16cc814f79e"
        }
      ]
    }
  ],
  "cliVersion": "0.1.164"
}
